// !$*UTF8*$!
{
	archiveVersion = 1;
	classes = {
	};
	objectVersion = 48;
	objects = {

/* Begin PBXBuildFile section */
		D24112E92048BACB006C66FE /* AppDelegate.swift in Sources */ = {isa = PBXBuildFile; fileRef = D24112E82048BACB006C66FE /* AppDelegate.swift */; };
		D24112EF2048BACB006C66FE /* GameScene.swift in Sources */ = {isa = PBXBuildFile; fileRef = D24112EE2048BACB006C66FE /* GameScene.swift */; };
		D24112F12048BACB006C66FE /* GameViewController.swift in Sources */ = {isa = PBXBuildFile; fileRef = D24112F02048BACB006C66FE /* GameViewController.swift */; };
		D24112F42048BACB006C66FE /* Main.storyboard in Resources */ = {isa = PBXBuildFile; fileRef = D24112F22048BACB006C66FE /* Main.storyboard */; };
		D24112F92048BACB006C66FE /* LaunchScreen.storyboard in Resources */ = {isa = PBXBuildFile; fileRef = D24112F72048BACB006C66FE /* LaunchScreen.storyboard */; };
		D24113042048BACB006C66FE /* JumpAndStuffTests.swift in Sources */ = {isa = PBXBuildFile; fileRef = D24113032048BACB006C66FE /* JumpAndStuffTests.swift */; };
		D241130F2048BACB006C66FE /* JumpAndStuffUITests.swift in Sources */ = {isa = PBXBuildFile; fileRef = D241130E2048BACB006C66FE /* JumpAndStuffUITests.swift */; };
		D241135D2048CAED006C66FE /* Assets.xcassets in Resources */ = {isa = PBXBuildFile; fileRef = D241135C2048CAED006C66FE /* Assets.xcassets */; };
/* End PBXBuildFile section */

/* Begin PBXContainerItemProxy section */
		D24113002048BACB006C66FE /* PBXContainerItemProxy */ = {
			isa = PBXContainerItemProxy;
			containerPortal = D24112DD2048BACB006C66FE /* Project object */;
			proxyType = 1;
			remoteGlobalIDString = D24112E42048BACB006C66FE;
			remoteInfo = JumpAndStuff;
		};
		D241130B2048BACB006C66FE /* PBXContainerItemProxy */ = {
			isa = PBXContainerItemProxy;
			containerPortal = D24112DD2048BACB006C66FE /* Project object */;
			proxyType = 1;
			remoteGlobalIDString = D24112E42048BACB006C66FE;
			remoteInfo = JumpAndStuff;
		};
/* End PBXContainerItemProxy section */

/* Begin PBXFileReference section */
		D24112E52048BACB006C66FE /* JumpAndStuff.app */ = {isa = PBXFileReference; explicitFileType = wrapper.application; includeInIndex = 0; path = JumpAndStuff.app; sourceTree = BUILT_PRODUCTS_DIR; };
		D24112E82048BACB006C66FE /* AppDelegate.swift */ = {isa = PBXFileReference; lastKnownFileType = sourcecode.swift; path = AppDelegate.swift; sourceTree = "<group>"; };
		D24112EE2048BACB006C66FE /* GameScene.swift */ = {isa = PBXFileReference; lastKnownFileType = sourcecode.swift; path = GameScene.swift; sourceTree = "<group>"; };
		D24112F02048BACB006C66FE /* GameViewController.swift */ = {isa = PBXFileReference; lastKnownFileType = sourcecode.swift; path = GameViewController.swift; sourceTree = "<group>"; };
		D24112F32048BACB006C66FE /* Base */ = {isa = PBXFileReference; lastKnownFileType = file.storyboard; name = Base; path = Base.lproj/Main.storyboard; sourceTree = "<group>"; };
		D24112F82048BACB006C66FE /* Base */ = {isa = PBXFileReference; lastKnownFileType = file.storyboard; name = Base; path = Base.lproj/LaunchScreen.storyboard; sourceTree = "<group>"; };
		D24112FA2048BACB006C66FE /* Info.plist */ = {isa = PBXFileReference; lastKnownFileType = text.plist.xml; path = Info.plist; sourceTree = "<group>"; };
		D24112FF2048BACB006C66FE /* JumpAndStuffTests.xctest */ = {isa = PBXFileReference; explicitFileType = wrapper.cfbundle; includeInIndex = 0; path = JumpAndStuffTests.xctest; sourceTree = BUILT_PRODUCTS_DIR; };
		D24113032048BACB006C66FE /* JumpAndStuffTests.swift */ = {isa = PBXFileReference; lastKnownFileType = sourcecode.swift; path = JumpAndStuffTests.swift; sourceTree = "<group>"; };
		D24113052048BACB006C66FE /* Info.plist */ = {isa = PBXFileReference; lastKnownFileType = text.plist.xml; path = Info.plist; sourceTree = "<group>"; };
		D241130A2048BACB006C66FE /* JumpAndStuffUITests.xctest */ = {isa = PBXFileReference; explicitFileType = wrapper.cfbundle; includeInIndex = 0; path = JumpAndStuffUITests.xctest; sourceTree = BUILT_PRODUCTS_DIR; };
		D241130E2048BACB006C66FE /* JumpAndStuffUITests.swift */ = {isa = PBXFileReference; lastKnownFileType = sourcecode.swift; path = JumpAndStuffUITests.swift; sourceTree = "<group>"; };
		D24113102048BACB006C66FE /* Info.plist */ = {isa = PBXFileReference; lastKnownFileType = text.plist.xml; path = Info.plist; sourceTree = "<group>"; };
		D241135C2048CAED006C66FE /* Assets.xcassets */ = {isa = PBXFileReference; lastKnownFileType = folder.assetcatalog; path = Assets.xcassets; sourceTree = "<group>"; };
/* End PBXFileReference section */

/* Begin PBXFrameworksBuildPhase section */
		D24112E22048BACB006C66FE /* Frameworks */ = {
			isa = PBXFrameworksBuildPhase;
			buildActionMask = 2147483647;
			files = (
			);
			runOnlyForDeploymentPostprocessing = 0;
		};
		D24112FC2048BACB006C66FE /* Frameworks */ = {
			isa = PBXFrameworksBuildPhase;
			buildActionMask = 2147483647;
			files = (
			);
			runOnlyForDeploymentPostprocessing = 0;
		};
		D24113072048BACB006C66FE /* Frameworks */ = {
			isa = PBXFrameworksBuildPhase;
			buildActionMask = 2147483647;
			files = (
			);
			runOnlyForDeploymentPostprocessing = 0;
		};
/* End PBXFrameworksBuildPhase section */

/* Begin PBXGroup section */
		D24112DC2048BACB006C66FE = {
			isa = PBXGroup;
			children = (
				D24112E72048BACB006C66FE /* JumpAndStuff */,
				D24113022048BACB006C66FE /* JumpAndStuffTests */,
				D241130D2048BACB006C66FE /* JumpAndStuffUITests */,
				D24112E62048BACB006C66FE /* Products */,
			);
			sourceTree = "<group>";
		};
		D24112E62048BACB006C66FE /* Products */ = {
			isa = PBXGroup;
			children = (
				D24112E52048BACB006C66FE /* JumpAndStuff.app */,
				D24112FF2048BACB006C66FE /* JumpAndStuffTests.xctest */,
				D241130A2048BACB006C66FE /* JumpAndStuffUITests.xctest */,
			);
			name = Products;
			sourceTree = "<group>";
		};
		D24112E72048BACB006C66FE /* JumpAndStuff */ = {
			isa = PBXGroup;
			children = (
				D241135C2048CAED006C66FE /* Assets.xcassets */,
				D24112E82048BACB006C66FE /* AppDelegate.swift */,
				D24112EE2048BACB006C66FE /* GameScene.swift */,
				D24112F02048BACB006C66FE /* GameViewController.swift */,
				D24112F22048BACB006C66FE /* Main.storyboard */,
				D24112F72048BACB006C66FE /* LaunchScreen.storyboard */,
				D24112FA2048BACB006C66FE /* Info.plist */,
			);
			path = JumpAndStuff;
			sourceTree = "<group>";
		};
		D24113022048BACB006C66FE /* JumpAndStuffTests */ = {
			isa = PBXGroup;
			children = (
				D24113032048BACB006C66FE /* JumpAndStuffTests.swift */,
				D24113052048BACB006C66FE /* Info.plist */,
			);
			path = JumpAndStuffTests;
			sourceTree = "<group>";
		};
		D241130D2048BACB006C66FE /* JumpAndStuffUITests */ = {
			isa = PBXGroup;
			children = (
				D241130E2048BACB006C66FE /* JumpAndStuffUITests.swift */,
				D24113102048BACB006C66FE /* Info.plist */,
			);
			path = JumpAndStuffUITests;
			sourceTree = "<group>";
		};
/* End PBXGroup section */

/* Begin PBXNativeTarget section */
		D24112E42048BACB006C66FE /* JumpAndStuff */ = {
			isa = PBXNativeTarget;
			buildConfigurationList = D24113132048BACB006C66FE /* Build configuration list for PBXNativeTarget "JumpAndStuff" */;
			buildPhases = (
				D24112E12048BACB006C66FE /* Sources */,
				D24112E22048BACB006C66FE /* Frameworks */,
				D24112E32048BACB006C66FE /* Resources */,
			);
			buildRules = (
			);
			dependencies = (
			);
			name = JumpAndStuff;
			productName = JumpAndStuff;
			productReference = D24112E52048BACB006C66FE /* JumpAndStuff.app */;
			productType = "com.apple.product-type.application";
		};
		D24112FE2048BACB006C66FE /* JumpAndStuffTests */ = {
			isa = PBXNativeTarget;
			buildConfigurationList = D24113162048BACB006C66FE /* Build configuration list for PBXNativeTarget "JumpAndStuffTests" */;
			buildPhases = (
				D24112FB2048BACB006C66FE /* Sources */,
				D24112FC2048BACB006C66FE /* Frameworks */,
				D24112FD2048BACB006C66FE /* Resources */,
			);
			buildRules = (
			);
			dependencies = (
				D24113012048BACB006C66FE /* PBXTargetDependency */,
			);
			name = JumpAndStuffTests;
			productName = JumpAndStuffTests;
			productReference = D24112FF2048BACB006C66FE /* JumpAndStuffTests.xctest */;
			productType = "com.apple.product-type.bundle.unit-test";
		};
		D24113092048BACB006C66FE /* JumpAndStuffUITests */ = {
			isa = PBXNativeTarget;
			buildConfigurationList = D24113192048BACB006C66FE /* Build configuration list for PBXNativeTarget "JumpAndStuffUITests" */;
			buildPhases = (
				D24113062048BACB006C66FE /* Sources */,
				D24113072048BACB006C66FE /* Frameworks */,
				D24113082048BACB006C66FE /* Resources */,
			);
			buildRules = (
			);
			dependencies = (
				D241130C2048BACB006C66FE /* PBXTargetDependency */,
			);
			name = JumpAndStuffUITests;
			productName = JumpAndStuffUITests;
			productReference = D241130A2048BACB006C66FE /* JumpAndStuffUITests.xctest */;
			productType = "com.apple.product-type.bundle.ui-testing";
		};
/* End PBXNativeTarget section */

/* Begin PBXProject section */
		D24112DD2048BACB006C66FE /* Project object */ = {
			isa = PBXProject;
			attributes = {
				LastSwiftUpdateCheck = 0920;
				LastUpgradeCheck = 0920;
				ORGANIZATIONNAME = "Matt Corrente";
				TargetAttributes = {
					D24112E42048BACB006C66FE = {
						CreatedOnToolsVersion = 9.2;
						ProvisioningStyle = Automatic;
					};
					D24112FE2048BACB006C66FE = {
						CreatedOnToolsVersion = 9.2;
						ProvisioningStyle = Automatic;
						TestTargetID = D24112E42048BACB006C66FE;
					};
					D24113092048BACB006C66FE = {
						CreatedOnToolsVersion = 9.2;
						ProvisioningStyle = Automatic;
						TestTargetID = D24112E42048BACB006C66FE;
					};
				};
			};
			buildConfigurationList = D24112E02048BACB006C66FE /* Build configuration list for PBXProject "JumpAndStuff" */;
			compatibilityVersion = "Xcode 8.0";
			developmentRegion = en;
			hasScannedForEncodings = 0;
			knownRegions = (
				en,
				Base,
			);
			mainGroup = D24112DC2048BACB006C66FE;
			productRefGroup = D24112E62048BACB006C66FE /* Products */;
			projectDirPath = "";
			projectRoot = "";
			targets = (
				D24112E42048BACB006C66FE /* JumpAndStuff */,
				D24112FE2048BACB006C66FE /* JumpAndStuffTests */,
				D24113092048BACB006C66FE /* JumpAndStuffUITests */,
			);
		};
/* End PBXProject section */

/* Begin PBXResourcesBuildPhase section */
		D24112E32048BACB006C66FE /* Resources */ = {
			isa = PBXResourcesBuildPhase;
			buildActionMask = 2147483647;
			files = (
				D24112F42048BACB006C66FE /* Main.storyboard in Resources */,
				D241135D2048CAED006C66FE /* Assets.xcassets in Resources */,
				D24112F92048BACB006C66FE /* LaunchScreen.storyboard in Resources */,
			);
			runOnlyForDeploymentPostprocessing = 0;
		};
		D24112FD2048BACB006C66FE /* Resources */ = {
			isa = PBXResourcesBuildPhase;
			buildActionMask = 2147483647;
			files = (
			);
			runOnlyForDeploymentPostprocessing = 0;
		};
		D24113082048BACB006C66FE /* Resources */ = {
			isa = PBXResourcesBuildPhase;
			buildActionMask = 2147483647;
			files = (
			);
			runOnlyForDeploymentPostprocessing = 0;
		};
/* End PBXResourcesBuildPhase section */

/* Begin PBXSourcesBuildPhase section */
		D24112E12048BACB006C66FE /* Sources */ = {
			isa = PBXSourcesBuildPhase;
			buildActionMask = 2147483647;
			files = (
				D24112EF2048BACB006C66FE /* GameScene.swift in Sources */,
				D24112F12048BACB006C66FE /* GameViewController.swift in Sources */,
				D24112E92048BACB006C66FE /* AppDelegate.swift in Sources */,
			);
			runOnlyForDeploymentPostprocessing = 0;
		};
		D24112FB2048BACB006C66FE /* Sources */ = {
			isa = PBXSourcesBuildPhase;
			buildActionMask = 2147483647;
			files = (
				D24113042048BACB006C66FE /* JumpAndStuffTests.swift in Sources */,
			);
			runOnlyForDeploymentPostprocessing = 0;
		};
		D24113062048BACB006C66FE /* Sources */ = {
			isa = PBXSourcesBuildPhase;
			buildActionMask = 2147483647;
			files = (
				D241130F2048BACB006C66FE /* JumpAndStuffUITests.swift in Sources */,
			);
			runOnlyForDeploymentPostprocessing = 0;
		};
/* End PBXSourcesBuildPhase section */

/* Begin PBXTargetDependency section */
		D24113012048BACB006C66FE /* PBXTargetDependency */ = {
			isa = PBXTargetDependency;
			target = D24112E42048BACB006C66FE /* JumpAndStuff */;
			targetProxy = D24113002048BACB006C66FE /* PBXContainerItemProxy */;
		};
		D241130C2048BACB006C66FE /* PBXTargetDependency */ = {
			isa = PBXTargetDependency;
			target = D24112E42048BACB006C66FE /* JumpAndStuff */;
			targetProxy = D241130B2048BACB006C66FE /* PBXContainerItemProxy */;
		};
/* End PBXTargetDependency section */

/* Begin PBXVariantGroup section */
		D24112F22048BACB006C66FE /* Main.storyboard */ = {
			isa = PBXVariantGroup;
			children = (
				D24112F32048BACB006C66FE /* Base */,
			);
			name = Main.storyboard;
			sourceTree = "<group>";
		};
		D24112F72048BACB006C66FE /* LaunchScreen.storyboard */ = {
			isa = PBXVariantGroup;
			children = (
				D24112F82048BACB006C66FE /* Base */,
			);
			name = LaunchScreen.storyboard;
			sourceTree = "<group>";
		};
/* End PBXVariantGroup section */

/* Begin XCBuildConfiguration section */
		D24113112048BACB006C66FE /* Debug */ = {
			isa = XCBuildConfiguration;
			buildSettings = {
				ALWAYS_SEARCH_USER_PATHS = NO;
				CLANG_ANALYZER_NONNULL = YES;
				CLANG_ANALYZER_NUMBER_OBJECT_CONVERSION = YES_AGGRESSIVE;
				CLANG_CXX_LANGUAGE_STANDARD = "gnu++14";
				CLANG_CXX_LIBRARY = "libc++";
				CLANG_ENABLE_MODULES = YES;
				CLANG_ENABLE_OBJC_ARC = YES;
				CLANG_WARN_BLOCK_CAPTURE_AUTORELEASING = YES;
				CLANG_WARN_BOOL_CONVERSION = YES;
				CLANG_WARN_COMMA = YES;
				CLANG_WARN_CONSTANT_CONVERSION = YES;
				CLANG_WARN_DIRECT_OBJC_ISA_USAGE = YES_ERROR;
				CLANG_WARN_DOCUMENTATION_COMMENTS = YES;
				CLANG_WARN_EMPTY_BODY = YES;
				CLANG_WARN_ENUM_CONVERSION = YES;
				CLANG_WARN_INFINITE_RECURSION = YES;
				CLANG_WARN_INT_CONVERSION = YES;
				CLANG_WARN_NON_LITERAL_NULL_CONVERSION = YES;
				CLANG_WARN_OBJC_LITERAL_CONVERSION = YES;
				CLANG_WARN_OBJC_ROOT_CLASS = YES_ERROR;
				CLANG_WARN_RANGE_LOOP_ANALYSIS = YES;
				CLANG_WARN_STRICT_PROTOTYPES = YES;
				CLANG_WARN_SUSPICIOUS_MOVE = YES;
				CLANG_WARN_UNGUARDED_AVAILABILITY = YES_AGGRESSIVE;
				CLANG_WARN_UNREACHABLE_CODE = YES;
				CLANG_WARN__DUPLICATE_METHOD_MATCH = YES;
				CODE_SIGN_IDENTITY = "iPhone Developer";
				COPY_PHASE_STRIP = NO;
				DEBUG_INFORMATION_FORMAT = dwarf;
				ENABLE_STRICT_OBJC_MSGSEND = YES;
				ENABLE_TESTABILITY = YES;
				GCC_C_LANGUAGE_STANDARD = gnu11;
				GCC_DYNAMIC_NO_PIC = NO;
				GCC_NO_COMMON_BLOCKS = YES;
				GCC_OPTIMIZATION_LEVEL = 0;
				GCC_PREPROCESSOR_DEFINITIONS = (
					"DEBUG=1",
					"$(inherited)",
				);
				GCC_WARN_64_TO_32_BIT_CONVERSION = YES;
				GCC_WARN_ABOUT_RETURN_TYPE = YES_ERROR;
				GCC_WARN_UNDECLARED_SELECTOR = YES;
				GCC_WARN_UNINITIALIZED_AUTOS = YES_AGGRESSIVE;
				GCC_WARN_UNUSED_FUNCTION = YES;
				GCC_WARN_UNUSED_VARIABLE = YES;
				IPHONEOS_DEPLOYMENT_TARGET = 11.2;
				MTL_ENABLE_DEBUG_INFO = YES;
				ONLY_ACTIVE_ARCH = YES;
				SDKROOT = iphoneos;
				SWIFT_ACTIVE_COMPILATION_CONDITIONS = DEBUG;
				SWIFT_OPTIMIZATION_LEVEL = "-Onone";
			};
			name = Debug;
		};
		D24113122048BACB006C66FE /* Release */ = {
			isa = XCBuildConfiguration;
			buildSettings = {
				ALWAYS_SEARCH_USER_PATHS = NO;
				CLANG_ANALYZER_NONNULL = YES;
				CLANG_ANALYZER_NUMBER_OBJECT_CONVERSION = YES_AGGRESSIVE;
				CLANG_CXX_LANGUAGE_STANDARD = "gnu++14";
				CLANG_CXX_LIBRARY = "libc++";
				CLANG_ENABLE_MODULES = YES;
				CLANG_ENABLE_OBJC_ARC = YES;
				CLANG_WARN_BLOCK_CAPTURE_AUTORELEASING = YES;
				CLANG_WARN_BOOL_CONVERSION = YES;
				CLANG_WARN_COMMA = YES;
				CLANG_WARN_CONSTANT_CONVERSION = YES;
				CLANG_WARN_DIRECT_OBJC_ISA_USAGE = YES_ERROR;
				CLANG_WARN_DOCUMENTATION_COMMENTS = YES;
				CLANG_WARN_EMPTY_BODY = YES;
				CLANG_WARN_ENUM_CONVERSION = YES;
				CLANG_WARN_INFINITE_RECURSION = YES;
				CLANG_WARN_INT_CONVERSION = YES;
				CLANG_WARN_NON_LITERAL_NULL_CONVERSION = YES;
				CLANG_WARN_OBJC_LITERAL_CONVERSION = YES;
				CLANG_WARN_OBJC_ROOT_CLASS = YES_ERROR;
				CLANG_WARN_RANGE_LOOP_ANALYSIS = YES;
				CLANG_WARN_STRICT_PROTOTYPES = YES;
				CLANG_WARN_SUSPICIOUS_MOVE = YES;
				CLANG_WARN_UNGUARDED_AVAILABILITY = YES_AGGRESSIVE;
				CLANG_WARN_UNREACHABLE_CODE = YES;
				CLANG_WARN__DUPLICATE_METHOD_MATCH = YES;
				CODE_SIGN_IDENTITY = "iPhone Developer";
				COPY_PHASE_STRIP = NO;
				DEBUG_INFORMATION_FORMAT = "dwarf-with-dsym";
				ENABLE_NS_ASSERTIONS = NO;
				ENABLE_STRICT_OBJC_MSGSEND = YES;
				GCC_C_LANGUAGE_STANDARD = gnu11;
				GCC_NO_COMMON_BLOCKS = YES;
				GCC_WARN_64_TO_32_BIT_CONVERSION = YES;
				GCC_WARN_ABOUT_RETURN_TYPE = YES_ERROR;
				GCC_WARN_UNDECLARED_SELECTOR = YES;
				GCC_WARN_UNINITIALIZED_AUTOS = YES_AGGRESSIVE;
				GCC_WARN_UNUSED_FUNCTION = YES;
				GCC_WARN_UNUSED_VARIABLE = YES;
				IPHONEOS_DEPLOYMENT_TARGET = 11.2;
				MTL_ENABLE_DEBUG_INFO = NO;
				SDKROOT = iphoneos;
				SWIFT_OPTIMIZATION_LEVEL = "-Owholemodule";
				VALIDATE_PRODUCT = YES;
			};
			name = Release;
		};
		D24113142048BACB006C66FE /* Debug */ = {
			isa = XCBuildConfiguration;
			buildSettings = {
				ASSETCATALOG_COMPILER_APPICON_NAME = AppIcon;
				CODE_SIGN_STYLE = Automatic;
				DEVELOPMENT_TEAM = 2YL6E8XBXR;
				INFOPLIST_FILE = JumpAndStuff/Info.plist;
				LD_RUNPATH_SEARCH_PATHS = "$(inherited) @executable_path/Frameworks";
				PRODUCT_BUNDLE_IDENTIFIER = me.matthacks.JumpAndStuff;
				PRODUCT_NAME = "$(TARGET_NAME)";
				SWIFT_VERSION = 4.0;
				TARGETED_DEVICE_FAMILY = "1,2";
			};
			name = Debug;
		};
		D24113152048BACB006C66FE /* Release */ = {
			isa = XCBuildConfiguration;
			buildSettings = {
				ASSETCATALOG_COMPILER_APPICON_NAME = AppIcon;
				CODE_SIGN_STYLE = Automatic;
				DEVELOPMENT_TEAM = 2YL6E8XBXR;
				INFOPLIST_FILE = JumpAndStuff/Info.plist;
				LD_RUNPATH_SEARCH_PATHS = "$(inherited) @executable_path/Frameworks";
				PRODUCT_BUNDLE_IDENTIFIER = me.matthacks.JumpAndStuff;
				PRODUCT_NAME = "$(TARGET_NAME)";
				SWIFT_VERSION = 4.0;
				TARGETED_DEVICE_FAMILY = "1,2";
			};
			name = Release;
		};
		D24113172048BACB006C66FE /* Debug */ = {
			isa = XCBuildConfiguration;
			buildSettings = {
				ALWAYS_EMBED_SWIFT_STANDARD_LIBRARIES = YES;
				BUNDLE_LOADER = "$(TEST_HOST)";
				CODE_SIGN_STYLE = Automatic;
				DEVELOPMENT_TEAM = 2YL6E8XBXR;
				INFOPLIST_FILE = JumpAndStuffTests/Info.plist;
				LD_RUNPATH_SEARCH_PATHS = "$(inherited) @executable_path/Frameworks @loader_path/Frameworks";
				PRODUCT_BUNDLE_IDENTIFIER = me.matthacks.JumpAndStuffTests;
				PRODUCT_NAME = "$(TARGET_NAME)";
				SWIFT_VERSION = 4.0;
				TARGETED_DEVICE_FAMILY = "1,2";
				TEST_HOST = "$(BUILT_PRODUCTS_DIR)/JumpAndStuff.app/JumpAndStuff";
			};
			name = Debug;
		};
		D24113182048BACB006C66FE /* Release */ = {
			isa = XCBuildConfiguration;
			buildSettings = {
				ALWAYS_EMBED_SWIFT_STANDARD_LIBRARIES = YES;
				BUNDLE_LOADER = "$(TEST_HOST)";
				CODE_SIGN_STYLE = Automatic;
				DEVELOPMENT_TEAM = 2YL6E8XBXR;
				INFOPLIST_FILE = JumpAndStuffTests/Info.plist;
				LD_RUNPATH_SEARCH_PATHS = "$(inherited) @executable_path/Frameworks @loader_path/Frameworks";
				PRODUCT_BUNDLE_IDENTIFIER = me.matthacks.JumpAndStuffTests;
				PRODUCT_NAME = "$(TARGET_NAME)";
				SWIFT_VERSION = 4.0;
				TARGETED_DEVICE_FAMILY = "1,2";
				TEST_HOST = "$(BUILT_PRODUCTS_DIR)/JumpAndStuff.app/JumpAndStuff";
			};
			name = Release;
		};
		D241131A2048BACB006C66FE /* Debug */ = {
			isa = XCBuildConfiguration;
			buildSettings = {
				ALWAYS_EMBED_SWIFT_STANDARD_LIBRARIES = YES;
				CODE_SIGN_STYLE = Automatic;
				DEVELOPMENT_TEAM = 2YL6E8XBXR;
				INFOPLIST_FILE = JumpAndStuffUITests/Info.plist;
				LD_RUNPATH_SEARCH_PATHS = "$(inherited) @executable_path/Frameworks @loader_path/Frameworks";
				PRODUCT_BUNDLE_IDENTIFIER = me.matthacks.JumpAndStuffUITests;
				PRODUCT_NAME = "$(TARGET_NAME)";
				SWIFT_VERSION = 4.0;
				TARGETED_DEVICE_FAMILY = "1,2";
				TEST_TARGET_NAME = JumpAndStuff;
			};
			name = Debug;
		};
		D241131B2048BACB006C66FE /* Release */ = {
			isa = XCBuildConfiguration;
			buildSettings = {
				ALWAYS_EMBED_SWIFT_STANDARD_LIBRARIES = YES;
				CODE_SIGN_STYLE = Automatic;
				DEVELOPMENT_TEAM = 2YL6E8XBXR;
				INFOPLIST_FILE = JumpAndStuffUITests/Info.plist;
				LD_RUNPATH_SEARCH_PATHS = "$(inherited) @executable_path/Frameworks @loader_path/Frameworks";
				PRODUCT_BUNDLE_IDENTIFIER = me.matthacks.JumpAndStuffUITests;
				PRODUCT_NAME = "$(TARGET_NAME)";
				SWIFT_VERSION = 4.0;
				TARGETED_DEVICE_FAMILY = "1,2";
				TEST_TARGET_NAME = JumpAndStuff;
			};
			name = Release;
		};
/* End XCBuildConfiguration section */

/* Begin XCConfigurationList section */
		D24112E02048BACB006C66FE /* Build configuration list for PBXProject "JumpAndStuff" */ = {
			isa = XCConfigurationList;
			buildConfigurations = (
				D24113112048BACB006C66FE /* Debug */,
				D24113122048BACB006C66FE /* Release */,
			);
			defaultConfigurationIsVisible = 0;
			defaultConfigurationName = Release;
		};
		D24113132048BACB006C66FE /* Build configuration list for PBXNativeTarget "JumpAndStuff" */ = {
			isa = XCConfigurationList;
			buildConfigurations = (
				D24113142048BACB006C66FE /* Debug */,
				D24113152048BACB006C66FE /* Release */,
			);
			defaultConfigurationIsVisible = 0;
			defaultConfigurationName = Release;
		};
		D24113162048BACB006C66FE /* Build configuration list for PBXNativeTarget "JumpAndStuffTests" */ = {
			isa = XCConfigurationList;
			buildConfigurations = (
				D24113172048BACB006C66FE /* Debug */,
				D24113182048BACB006C66FE /* Release */,
			);
			defaultConfigurationIsVisible = 0;
			defaultConfigurationName = Release;
		};
		D24113192048BACB006C66FE /* Build configuration list for PBXNativeTarget "JumpAndStuffUITests" */ = {
			isa = XCConfigurationList;
			buildConfigurations = (
				D241131A2048BACB006C66FE /* Debug */,
				D241131B2048BACB006C66FE /* Release */,
			);
			defaultConfigurationIsVisible = 0;
			defaultConfigurationName = Release;
		};
/* End XCConfigurationList section */
	};
	rootObject = D24112DD2048BACB006C66FE /* Project object */;
}
